
Microsoft Visual Studio Solution File, Format Version 11.00
# Visual Studio 2010
Project("{FAE04EC0-301F-11D3-BF4B-00C04F79EFBC}") = "Assembly-CSharp", "Assembly-CSharp.csproj", "{5369B498-454D-2174-FA2B-407BD2DE2F4A}"
EndProject
Project("{FAE04EC0-301F-11D3-BF4B-00C04F79EFBC}") = "Assembly-CSharp-Editor", "Assembly-CSharp-Editor.csproj", "{0D6855B2-6CE3-20E2-2319-0E416C82765D}"
EndProject
Global
	GlobalSection(SolutionConfigurationPlatforms) = preSolution
		Debug|Any CPU = Debug|Any CPU
		Release|Any CPU = Release|Any CPU
	EndGlobalSection
	GlobalSection(ProjectConfigurationPlatforms) = postSolution
		{5369B498-454D-2174-FA2B-407BD2DE2F4A}.Debug|Any CPU.ActiveCfg = Debug|Any CPU
		{5369B498-454D-2174-FA2B-407BD2DE2F4A}.Debug|Any CPU.Build.0 = Debug|Any CPU
		{5369B498-454D-2174-FA2B-407BD2DE2F4A}.Release|Any CPU.ActiveCfg = Release|Any CPU
		{5369B498-454D-2174-FA2B-407BD2DE2F4A}.Release|Any CPU.Build.0 = Release|Any CPU
		{0D6855B2-6CE3-20E2-2319-0E416C82765D}.Debug|Any CPU.ActiveCfg = Debug|Any CPU
		{0D6855B2-6CE3-20E2-2319-0E416C82765D}.Debug|Any CPU.Build.0 = Debug|Any CPU
		{0D6855B2-6CE3-20E2-2319-0E416C82765D}.Release|Any CPU.ActiveCfg = Release|Any CPU
		{0D6855B2-6CE3-20E2-2319-0E416C82765D}.Release|Any CPU.Build.0 = Release|Any CPU
	EndGlobalSection
	GlobalSection(SolutionProperties) = preSolution
		HideSolutionNode = FALSE
	EndGlobalSection
EndGlobal
